// !$*UTF8*$!
{
	archiveVersion = 1;
	classes = {
	};
	objectVersion = 110;
	objects = {

/* Begin PBXBuildFile section */
		1C41ADA130797AFE00FC0180 /* GoogleService-Info.plist in Resources */ = {isa = PBXBuildFile; fileRef = 1C41ADA030797AFE00FC0180 /* GoogleService-Info.plist */; };
		1C41ADA430797B7A00FC0180 /* FirebaseAuth in Frameworks */ = {isa = PBXBuildFile; productRef = 1C41ADA330797B7A00FC0180 /* FirebaseAuth */; };
		1C41ADA630797B7A00FC0180 /* FirebaseFirestore in Frameworks */ = {isa = PBXBuildFile; productRef = 1C41ADA530797B7A00FC0180 /* FirebaseFirestore */; };
/* End PBXBuildFile section */

/* Begin PBXContainerItemProxy section */
		1C41AD86307979FF00FC0180 /* PBXContainerItemProxy */ = {
			isa = PBXContainerItemProxy;
			containerPortal = 1C41AD70307979FE00FC0180 /* Project object */;
			proxyType = 1;
			remoteGlobalIDString = 1C41AD77307979FE00FC0180;
			remoteInfo = TrackerHeart;
		};
		1C41AD90307979FF00FC0180 /* PBXContainerItemProxy */ = {
			isa = PBXContainerItemProxy;
			containerPortal = 1C41AD70307979FE00FC0180 /* Project object */;
			proxyType = 1;
			remoteGlobalIDString = 1C41AD77307979FE00FC0180;
			remoteInfo = TrackerHeart;
		};
/* End PBXContainerItemProxy section */

/* Begin PBXFileReference section */
		1C41AD78307979FE00FC0180 /* TrackerHeart.app */ = {isa = PBXFileReference; explicitFileType = wrapper.application; includeInIndex = 0; path = TrackerHeart.app; sourceTree = BUILT_PRODUCTS_DIR; };
		1C41AD85307979FF00FC0180 /* TrackerHeartTests.xctest */ = {isa = PBXFileReference; explicitFileType = wrapper.cfbundle; includeInIndex = 0; path = TrackerHeartTests.xctest; sourceTree = BUILT_PRODUCTS_DIR; };
		1C41AD8F307979FF00FC0180 /* TrackerHeartUITests.xctest */ = {isa = PBXFileReference; explicitFileType = wrapper.cfbundle; includeInIndex = 0; path = TrackerHeartUITests.xctest; sourceTree = BUILT_PRODUCTS_DIR; };
		1C41ADA030797AFE00FC0180 /* GoogleService-Info.plist */ = {isa = PBXFileReference; lastKnownFileType = text.plist.xml; path = "GoogleService-Info.plist"; sourceTree = "<group>"; };
/* End PBXFileReference section */

/* Begin PBXFileSystemSynchronizedRootGroup section */
		1C41AD7A307979FE00FC0180 /* TrackerHeart */ = {
			isa = PBXFileSystemSynchronizedRootGroup;
			path = TrackerHeart;
			sourceTree = "<group>";
		};
		1C41AD88307979FF00FC0180 /* TrackerHeartTests */ = {
			isa = PBXFileSystemSynchronizedRootGroup;
			path = TrackerHeartTests;
			sourceTree = "<group>";
		};
		1C41AD92307979FF00FC0180 /* TrackerHeartUITests */ = {
			isa = PBXFileSystemSynchronizedRootGroup;
			path = TrackerHeartUITests;
			sourceTree = "<group>";
		};
/* End PBXFileSystemSynchronizedRootGroup section */

/* Begin PBXFrameworksBuildPhase section */
		1C41AD75307979FE00FC0180 /* Frameworks */ = {
			isa = PBXFrameworksBuildPhase;
			files = (
				1C41ADA430797B7A00FC0180 /* FirebaseAuth in Frameworks */,
				1C41ADA630797B7A00FC0180 /* FirebaseFirestore in Frameworks */,
			);
		};
		1C41AD82307979FF00FC0180 /* Frameworks */ = {
			isa = PBXFrameworksBuildPhase;
			files = (
			);
		};
		1C41AD8C307979FF00FC0180 /* Frameworks */ = {
			isa = PBXFrameworksBuildPhase;
			files = (
			);
		};
/* End PBXFrameworksBuildPhase section */

/* Begin PBXGroup section */
		1C41AD6F307979FE00FC0180 = {
			isa = PBXGroup;
			children = (
				1C41AD7A307979FE00FC0180 /* TrackerHeart */,
				1C41AD88307979FF00FC0180 /* TrackerHeartTests */,
				1C41AD92307979FF00FC0180 /* TrackerHeartUITests */,
				1C41ADA030797AFE00FC0180 /* GoogleService-Info.plist */,
				1C41AD79307979FE00FC0180 /* Products */,
			);
			sourceTree = "<group>";
		};
		1C41AD79307979FE00FC0180 /* Products */ = {
			isa = PBXGroup;
			children = (
				1C41AD78307979FE00FC0180 /* TrackerHeart.app */,
				1C41AD85307979FF00FC0180 /* TrackerHeartTests.xctest */,
				1C41AD8F307979FF00FC0180 /* TrackerHeartUITests.xctest */,
			);
			name = Products;
			sourceTree = "<group>";
		};
/* End PBXGroup section */

/* Begin PBXNativeTarget section */
		1C41AD77307979FE00FC0180 /* TrackerHeart */ = {
			isa = PBXNativeTarget;
			buildConfigurationList = 1C41AD97307979FF00FC0180 /* Build configuration list for PBXNativeTarget "TrackerHeart" */;
			buildPhases = (
				1C41AD74307979FE00FC0180 /* Sources */,
				1C41AD75307979FE00FC0180 /* Frameworks */,
				1C41AD76307979FE00FC0180 /* Resources */,
			);
			buildRules = (
			);
			fileSystemSynchronizedGroups = (
				1C41AD7A307979FE00FC0180 /* TrackerHeart */,
			);
			name = TrackerHeart;
			packageProductDependencies = (
				1C41ADA330797B7A00FC0180 /* FirebaseAuth */,
				1C41ADA530797B7A00FC0180 /* FirebaseFirestore */,
			);
			productName = TrackerHeart;
			productReference = 1C41AD78307979FE00FC0180 /* TrackerHeart.app */;
			productType = "com.apple.product-type.application";
		};
		1C41AD84307979FF00FC0180 /* TrackerHeartTests */ = {
			isa = PBXNativeTarget;
			buildConfigurationList = 1C41AD9A307979FF00FC0180 /* Build configuration list for PBXNativeTarget "TrackerHeartTests" */;
			buildPhases = (
				1C41AD81307979FF00FC0180 /* Sources */,
				1C41AD82307979FF00FC0180 /* Frameworks */,
				1C41AD83307979FF00FC0180 /* Resources */,
			);
			buildRules = (
			);
			dependencies = (
				1C41AD87307979FF00FC0180 /* PBXTargetDependency */,
			);
			fileSystemSynchronizedGroups = (
				1C41AD88307979FF00FC0180 /* TrackerHeartTests */,
			);
			name = TrackerHeartTests;
			productName = TrackerHeartTests;
			productReference = 1C41AD85307979FF00FC0180 /* TrackerHeartTests.xctest */;
			productType = "com.apple.product-type.bundle.unit-test";
		};
		1C41AD8E307979FF00FC0180 /* TrackerHeartUITests */ = {
			isa = PBXNativeTarget;
			buildConfigurationList = 1C41AD9D307979FF00FC0180 /* Build configuration list for PBXNativeTarget "TrackerHeartUITests" */;
			buildPhases = (
				1C41AD8B307979FF00FC0180 /* Sources */,
				1C41AD8C307979FF00FC0180 /* Frameworks */,
				1C41AD8D307979FF00FC0180 /* Resources */,
			);
			buildRules = (
			);
			dependencies = (
				1C41AD91307979FF00FC0180 /* PBXTargetDependency */,
			);
			fileSystemSynchronizedGroups = (
				1C41AD92307979FF00FC0180 /* TrackerHeartUITests */,
			);
			name = TrackerHeartUITests;
			productName = TrackerHeartUITests;
			productReference = 1C41AD8F307979FF00FC0180 /* TrackerHeartUITests.xctest */;
			productType = "com.apple.product-type.bundle.ui-testing";
		};
/* End PBXNativeTarget section */

/* Begin PBXProject section */
		1C41AD70307979FE00FC0180 /* Project object */ = {
			isa = PBXProject;
			attributes = {
				BuildIndependentTargetsInParallel = 1;
				LastSwiftUpdateCheck = 2700;
				LastUpgradeCheck = 2700;
				TargetAttributes = {
					1C41AD77307979FE00FC0180 = {
						CreatedOnToolsVersion = 27.0;
					};
					1C41AD84307979FF00FC0180 = {
						CreatedOnToolsVersion = 27.0;
						TestTargetID = 1C41AD77307979FE00FC0180;
					};
					1C41AD8E307979FF00FC0180 = {
						CreatedOnToolsVersion = 27.0;
						TestTargetID = 1C41AD77307979FE00FC0180;
					};
				};
			};
			buildConfigurationList = 1C41AD73307979FE00FC0180 /* Build configuration list for PBXProject "TrackerHeart" */;
			developmentRegion = en;
			hasScannedForEncodings = 0;
			knownRegions = (
				en,
				Base,
			);
			mainGroup = 1C41AD6F307979FE00FC0180;
			minimizedProjectReferenceProxies = 1;
			packageReferences = (
				1C41ADA230797B7A00FC0180 /* XCRemoteSwiftPackageReference "firebase-ios-sdk" */,
			);
			preferredProjectObjectVersion = 77;
			productRefGroup = 1C41AD79307979FE00FC0180 /* Products */;
			projectDirPath = "";
			projectRoot = "";
			targets = (
				1C41AD77307979FE00FC0180 /* TrackerHeart */,
				1C41AD84307979FF00FC0180 /* TrackerHeartTests */,
				1C41AD8E307979FF00FC0180 /* TrackerHeartUITests */,
			);
		};
/* End PBXProject section */

/* Begin PBXResourcesBuildPhase section */
		1C41AD76307979FE00FC0180 /* Resources */ = {
			isa = PBXResourcesBuildPhase;
			files = (
				1C41ADA130797AFE00FC0180 /* GoogleService-Info.plist in Resources */,
			);
		};
		1C41AD83307979FF00FC0180 /* Resources */ = {
			isa = PBXResourcesBuildPhase;
			files = (
			);
		};
		1C41AD8D307979FF00FC0180 /* Resources */ = {
			isa = PBXResourcesBuildPhase;
			files = (
			);
		};
/* End PBXResourcesBuildPhase section */

/* Begin PBXSourcesBuildPhase section */
		1C41AD74307979FE00FC0180 /* Sources */ = {
			isa = PBXSourcesBuildPhase;
			files = (
			);
		};
		1C41AD81307979FF00FC0180 /* Sources */ = {
			isa = PBXSourcesBuildPhase;
			files = (
			);
		};
		1C41AD8B307979FF00FC0180 /* Sources */ = {
			isa = PBXSourcesBuildPhase;
			files = (
			);
		};
/* End PBXSourcesBuildPhase section */

/* Begin PBXTargetDependency section */
		1C41AD87307979FF00FC0180 /* PBXTargetDependency */ = {
			isa = PBXTargetDependency;
			target = 1C41AD77307979FE00FC0180 /* TrackerHeart */;
			targetProxy = 1C41AD86307979FF00FC0180 /* PBXContainerItemProxy */;
		};
		1C41AD91307979FF00FC0180 /* PBXTargetDependency */ = {
			isa = PBXTargetDependency;
			target = 1C41AD77307979FE00FC0180 /* TrackerHeart */;
			targetProxy = 1C41AD90307979FF00FC0180 /* PBXContainerItemProxy */;
		};
/* End PBXTargetDependency section */

/* Begin XCBuildConfiguration section */
		1C41AD95307979FF00FC0180 /* Debug configuration for PBXProject "TrackerHeart" */ = {
			isa = XCBuildConfiguration;
			buildSettings = {
				ALWAYS_SEARCH_USER_PATHS = NO;
				ASSETCATALOG_COMPILER_GENERATE_SWIFT_ASSET_SYMBOL_EXTENSIONS = YES;
				CLANG_ANALYZER_NONNULL = YES;
				CLANG_ANALYZER_NUMBER_OBJECT_CONVERSION = YES_AGGRESSIVE;
				CLANG_CXX_LANGUAGE_STANDARD = "gnu++20";
				CLANG_ENABLE_MODULES = YES;
				CLANG_ENABLE_OBJC_ARC = YES;
				CLANG_ENABLE_OBJC_WEAK = YES;
				CLANG_WARN_BLOCK_CAPTURE_AUTORELEASING = YES;
				CLANG_WARN_BOOL_CONVERSION = YES;
				CLANG_WARN_COMMA = YES;
				CLANG_WARN_CONSTANT_CONVERSION = YES;
				CLANG_WARN_DEPRECATED_OBJC_IMPLEMENTATIONS = YES;
				CLANG_WARN_DIRECT_OBJC_ISA_USAGE = YES_ERROR;
				CLANG_WARN_DOCUMENTATION_COMMENTS = YES;
				CLANG_WARN_EMPTY_BODY = YES;
				CLANG_WARN_ENUM_CONVERSION = YES;
				CLANG_WARN_INFINITE_RECURSION = YES;
				CLANG_WARN_INT_CONVERSION = YES;
				CLANG_WARN_NON_LITERAL_NULL_CONVERSION = YES;
				CLANG_WARN_OBJC_IMPLICIT_RETAIN_SELF = YES;
				CLANG_WARN_OBJC_LITERAL_CONVERSION = YES;
				CLANG_WARN_OBJC_ROOT_CLASS = YES_ERROR;
				CLANG_WARN_QUOTED_INCLUDE_IN_FRAMEWORK_HEADER = YES;
				CLANG_WARN_RANGE_LOOP_ANALYSIS = YES;
				CLANG_WARN_STRICT_PROTOTYPES = YES;
				CLANG_WARN_SUSPICIOUS_MOVE = YES;
				CLANG_WARN_UNGUARDED_AVAILABILITY = YES_AGGRESSIVE;
				CLANG_WARN_UNREACHABLE_CODE = YES;
				CLANG_WARN__DUPLICATE_METHOD_MATCH = YES;
				COPY_PHASE_STRIP = NO;
				DEBUG_INFORMATION_FORMAT = dwarf;
				DEVELOPMENT_TEAM = 3BA48S2JQA;
				ENABLE_STRICT_OBJC_MSGSEND = YES;
				ENABLE_TESTABILITY = YES;
				ENABLE_USER_SCRIPT_SANDBOXING = YES;
				GCC_C_LANGUAGE_STANDARD = gnu17;
				GCC_DYNAMIC_NO_PIC = NO;
				GCC_NO_COMMON_BLOCKS = YES;
				GCC_OPTIMIZATION_LEVEL = 0;
				GCC_PREPROCESSOR_DEFINITIONS = (
					"DEBUG=1",
					"$(inherited)",
				);
				GCC_WARN_64_TO_32_BIT_CONVERSION = YES;
				GCC_WARN_ABOUT_RETURN_TYPE = YES_ERROR;
				GCC_WARN_UNDECLARED_SELECTOR = YES;
				GCC_WARN_UNINITIALIZED_AUTOS = YES_AGGRESSIVE;
				GCC_WARN_UNUSED_FUNCTION = YES;
				GCC_WARN_UNUSED_VARIABLE = YES;
				IPHONEOS_DEPLOYMENT_TARGET = 27.0;
				LOCALIZATION_PREFERS_STRING_CATALOGS = YES;
				MTL_ENABLE_DEBUG_INFO = INCLUDE_SOURCE;
				MTL_FAST_MATH = YES;
				ONLY_ACTIVE_ARCH = YES;
				SDKROOT = iphoneos;
				SWIFT_ACTIVE_COMPILATION_CONDITIONS = "DEBUG $(inherited)";
				SWIFT_OPTIMIZATION_LEVEL = "-Onone";
			};
			name = Debug;
		};
		1C41AD96307979FF00FC0180 /* Release configuration for PBXProject "TrackerHeart" */ = {
			isa = XCBuildConfiguration;
			buildSettings = {
				ALWAYS_SEARCH_USER_PATHS = NO;
				ASSETCATALOG_COMPILER_GENERATE_SWIFT_ASSET_SYMBOL_EXTENSIONS = YES;
				CLANG_ANALYZER_NONNULL = YES;
				CLANG_ANALYZER_NUMBER_OBJECT_CONVERSION = YES_AGGRESSIVE;
				CLANG_CXX_LANGUAGE_STANDARD = "gnu++20";
				CLANG_ENABLE_MODULES = YES;
				CLANG_ENABLE_OBJC_ARC = YES;
				CLANG_ENABLE_OBJC_WEAK = YES;
				CLANG_WARN_BLOCK_CAPTURE_AUTORELEASING = YES;
				CLANG_WARN_BOOL_CONVERSION = YES;
				CLANG_WARN_COMMA = YES;
				CLANG_WARN_CONSTANT_CONVERSION = YES;
				CLANG_WARN_DEPRECATED_OBJC_IMPLEMENTATIONS = YES;
				CLANG_WARN_DIRECT_OBJC_ISA_USAGE = YES_ERROR;
				CLANG_WARN_DOCUMENTATION_COMMENTS = YES;
				CLANG_WARN_EMPTY_BODY = YES;
				CLANG_WARN_ENUM_CONVERSION = YES;
				CLANG_WARN_INFINITE_RECURSION = YES;
				CLANG_WARN_INT_CONVERSION = YES;
				CLANG_WARN_NON_LITERAL_NULL_CONVERSION = YES;
				CLANG_WARN_OBJC_IMPLICIT_RETAIN_SELF = YES;
				CLANG_WARN_OBJC_LITERAL_CONVERSION = YES;
				CLANG_WARN_OBJC_ROOT_CLASS = YES_ERROR;
				CLANG_WARN_QUOTED_INCLUDE_IN_FRAMEWORK_HEADER = YES;
				CLANG_WARN_RANGE_LOOP_ANALYSIS = YES;
				CLANG_WARN_STRICT_PROTOTYPES = YES;
				CLANG_WARN_SUSPICIOUS_MOVE = YES;
				CLANG_WARN_UNGUARDED_AVAILABILITY = YES_AGGRESSIVE;
				CLANG_WARN_UNREACHABLE_CODE = YES;
				CLANG_WARN__DUPLICATE_METHOD_MATCH = YES;
				COPY_PHASE_STRIP = NO;
				DEBUG_INFORMATION_FORMAT = "dwarf-with-dsym";
				DEVELOPMENT_TEAM = 3BA48S2JQA;
				ENABLE_NS_ASSERTIONS = NO;
				ENABLE_STRICT_OBJC_MSGSEND = YES;
				ENABLE_USER_SCRIPT_SANDBOXING = YES;
				GCC_C_LANGUAGE_STANDARD = gnu17;
				GCC_NO_COMMON_BLOCKS = YES;
				GCC_WARN_64_TO_32_BIT_CONVERSION = YES;
				GCC_WARN_ABOUT_RETURN_TYPE = YES_ERROR;
				GCC_WARN_UNDECLARED_SELECTOR = YES;
				GCC_WARN_UNINITIALIZED_AUTOS = YES_AGGRESSIVE;
				GCC_WARN_UNUSED_FUNCTION = YES;
				GCC_WARN_UNUSED_VARIABLE = YES;
				IPHONEOS_DEPLOYMENT_TARGET = 27.0;
				LOCALIZATION_PREFERS_STRING_CATALOGS = YES;
				MTL_ENABLE_DEBUG_INFO = NO;
				MTL_FAST_MATH = YES;
				SDKROOT = iphoneos;
				SWIFT_COMPILATION_MODE = wholemodule;
				VALIDATE_PRODUCT = YES;
			};
			name = Release;
		};
		1C41AD98307979FF00FC0180 /* Debug configuration for PBXNativeTarget "TrackerHeart" */ = {
			isa = XCBuildConfiguration;
			buildSettings = {
				ASSETCATALOG_COMPILER_APPICON_NAME = AppIcon;
				ASSETCATALOG_COMPILER_GLOBAL_ACCENT_COLOR_NAME = AccentColor;
				CODE_SIGN_STYLE = Automatic;
				CURRENT_PROJECT_VERSION = 1;
				DEVELOPMENT_TEAM = 3BA48S2JQA;
				ENABLE_PREVIEWS = YES;
				GENERATE_INFOPLIST_FILE = YES;
				INFOPLIST_KEY_UIApplicationSceneManifest_Generation = YES;
				INFOPLIST_KEY_UIApplicationSupportsIndirectInputEvents = YES;
				INFOPLIST_KEY_UILaunchScreen_Generation = YES;
				INFOPLIST_KEY_UISupportedInterfaceOrientations_iPad = "UIInterfaceOrientationPortrait UIInterfaceOrientationPortraitUpsideDown UIInterfaceOrientationLandscapeLeft UIInterfaceOrientationLandscapeRight";
				INFOPLIST_KEY_UISupportedInterfaceOrientations_iPhone = "UIInterfaceOrientationPortrait UIInterfaceOrientationLandscapeLeft UIInterfaceOrientationLandscapeRight";
				IPHONEOS_DEPLOYMENT_TARGET = 17.6;
				LD_RUNPATH_SEARCH_PATHS = (
					"$(inherited)",
					"@executable_path/Frameworks",
				);
				MARKETING_VERSION = 1.0;
				PRODUCT_BUNDLE_IDENTIFIER = com.trackerheart.TrackerHeart;
				PRODUCT_NAME = "$(TARGET_NAME)";
				STRING_CATALOG_GENERATE_SYMBOLS = YES;
				SWIFT_APPROACHABLE_CONCURRENCY = YES;
				SWIFT_DEFAULT_ACTOR_ISOLATION = MainActor;
				SWIFT_EMIT_LOC_STRINGS = YES;
				SWIFT_UPCOMING_FEATURE_MEMBER_IMPORT_VISIBILITY = YES;
				SWIFT_VERSION = 5.0;
				TARGETED_DEVICE_FAMILY = "1,2";
			};
			name = Debug;
		};
		1C41AD99307979FF00FC0180 /* Release configuration for PBXNativeTarget "TrackerHeart" */ = {
			isa = XCBuildConfiguration;
			buildSettings = {
				ASSETCATALOG_COMPILER_APPICON_NAME = AppIcon;
				ASSETCATALOG_COMPILER_GLOBAL_ACCENT_COLOR_NAME = AccentColor;
				CODE_SIGN_STYLE = Automatic;
				CURRENT_PROJECT_VERSION = 1;
				DEVELOPMENT_TEAM = 3BA48S2JQA;
				ENABLE_PREVIEWS = YES;
				GENERATE_INFOPLIST_FILE = YES;
				INFOPLIST_KEY_UIApplicationSceneManifest_Generation = YES;
				INFOPLIST_KEY_UIApplicationSupportsIndirectInputEvents = YES;
				INFOPLIST_KEY_UILaunchScreen_Generation = YES;
				INFOPLIST_KEY_UISupportedInterfaceOrientations_iPad = "UIInterfaceOrientationPortrait UIInterfaceOrientationPortraitUpsideDown UIInterfaceOrientationLandscapeLeft UIInterfaceOrientationLandscapeRight";
				INFOPLIST_KEY_UISupportedInterfaceOrientations_iPhone = "UIInterfaceOrientationPortrait UIInterfaceOrientationLandscapeLeft UIInterfaceOrientationLandscapeRight";
				IPHONEOS_DEPLOYMENT_TARGET = 17.6;
				LD_RUNPATH_SEARCH_PATHS = (
					"$(inherited)",
					"@executable_path/Frameworks",
				);
				MARKETING_VERSION = 1.0;
				PRODUCT_BUNDLE_IDENTIFIER = com.trackerheart.TrackerHeart;
				PRODUCT_NAME = "$(TARGET_NAME)";
				STRING_CATALOG_GENERATE_SYMBOLS = YES;
				SWIFT_APPROACHABLE_CONCURRENCY = YES;
				SWIFT_DEFAULT_ACTOR_ISOLATION = MainActor;
				SWIFT_EMIT_LOC_STRINGS = YES;
				SWIFT_UPCOMING_FEATURE_MEMBER_IMPORT_VISIBILITY = YES;
				SWIFT_VERSION = 5.0;
				TARGETED_DEVICE_FAMILY = "1,2";
			};
			name = Release;
		};
		1C41AD9B307979FF00FC0180 /* Debug configuration for PBXNativeTarget "TrackerHeartTests" */ = {
			isa = XCBuildConfiguration;
			buildSettings = {
				BUNDLE_LOADER = "$(TEST_HOST)";
				CODE_SIGN_STYLE = Automatic;
				CURRENT_PROJECT_VERSION = 1;
				DEVELOPMENT_TEAM = 3BA48S2JQA;
				GENERATE_INFOPLIST_FILE = YES;
				IPHONEOS_DEPLOYMENT_TARGET = 27.0;
				MARKETING_VERSION = 1.0;
				PRODUCT_BUNDLE_IDENTIFIER = com.trackerheart.TrackerHeartTests;
				PRODUCT_NAME = "$(TARGET_NAME)";
				STRING_CATALOG_GENERATE_SYMBOLS = NO;
				SWIFT_APPROACHABLE_CONCURRENCY = YES;
				SWIFT_EMIT_LOC_STRINGS = NO;
				SWIFT_UPCOMING_FEATURE_MEMBER_IMPORT_VISIBILITY = YES;
				SWIFT_VERSION = 5.0;
				TARGETED_DEVICE_FAMILY = "1,2";
				TEST_HOST = "$(BUILT_PRODUCTS_DIR)/TrackerHeart.app/$(BUNDLE_EXECUTABLE_FOLDER_PATH)/TrackerHeart";
			};
			name = Debug;
		};
		1C41AD9C307979FF00FC0180 /* Release configuration for PBXNativeTarget "TrackerHeartTests" */ = {
			isa = XCBuildConfiguration;
			buildSettings = {
				BUNDLE_LOADER = "$(TEST_HOST)";
				CODE_SIGN_STYLE = Automatic;
				CURRENT_PROJECT_VERSION = 1;
				DEVELOPMENT_TEAM = 3BA48S2JQA;
				GENERATE_INFOPLIST_FILE = YES;
				IPHONEOS_DEPLOYMENT_TARGET = 27.0;
				MARKETING_VERSION = 1.0;
				PRODUCT_BUNDLE_IDENTIFIER = com.trackerheart.TrackerHeartTests;
				PRODUCT_NAME = "$(TARGET_NAME)";
				STRING_CATALOG_GENERATE_SYMBOLS = NO;
				SWIFT_APPROACHABLE_CONCURRENCY = YES;
				SWIFT_EMIT_LOC_STRINGS = NO;
				SWIFT_UPCOMING_FEATURE_MEMBER_IMPORT_VISIBILITY = YES;
				SWIFT_VERSION = 5.0;
				TARGETED_DEVICE_FAMILY = "1,2";
				TEST_HOST = "$(BUILT_PRODUCTS_DIR)/TrackerHeart.app/$(BUNDLE_EXECUTABLE_FOLDER_PATH)/TrackerHeart";
			};
			name = Release;
		};
		1C41AD9E307979FF00FC0180 /* Debug configuration for PBXNativeTarget "TrackerHeartUITests" */ = {
			isa = XCBuildConfiguration;
			buildSettings = {
				CODE_SIGN_STYLE = Automatic;
				CURRENT_PROJECT_VERSION = 1;
				DEVELOPMENT_TEAM = 3BA48S2JQA;
				GENERATE_INFOPLIST_FILE = YES;
				MARKETING_VERSION = 1.0;
				PRODUCT_BUNDLE_IDENTIFIER = com.trackerheart.TrackerHeartUITests;
				PRODUCT_NAME = "$(TARGET_NAME)";
				STRING_CATALOG_GENERATE_SYMBOLS = NO;
				SWIFT_APPROACHABLE_CONCURRENCY = YES;
				SWIFT_EMIT_LOC_STRINGS = NO;
				SWIFT_UPCOMING_FEATURE_MEMBER_IMPORT_VISIBILITY = YES;
				SWIFT_VERSION = 5.0;
				TARGETED_DEVICE_FAMILY = "1,2";
				TEST_TARGET_NAME = TrackerHeart;
			};
			name = Debug;
		};
		1C41AD9F307979FF00FC0180 /* Release configuration for PBXNativeTarget "TrackerHeartUITests" */ = {
			isa = XCBuildConfiguration;
			buildSettings = {
				CODE_SIGN_STYLE = Automatic;
				CURRENT_PROJECT_VERSION = 1;
				DEVELOPMENT_TEAM = 3BA48S2JQA;
				GENERATE_INFOPLIST_FILE = YES;
				MARKETING_VERSION = 1.0;
				PRODUCT_BUNDLE_IDENTIFIER = com.trackerheart.TrackerHeartUITests;
				PRODUCT_NAME = "$(TARGET_NAME)";
				STRING_CATALOG_GENERATE_SYMBOLS = NO;
				SWIFT_APPROACHABLE_CONCURRENCY = YES;
				SWIFT_EMIT_LOC_STRINGS = NO;
				SWIFT_UPCOMING_FEATURE_MEMBER_IMPORT_VISIBILITY = YES;
				SWIFT_VERSION = 5.0;
				TARGETED_DEVICE_FAMILY = "1,2";
				TEST_TARGET_NAME = TrackerHeart;
			};
			name = Release;
		};
/* End XCBuildConfiguration section */

/* Begin XCConfigurationList section */
		1C41AD73307979FE00FC0180 /* Build configuration list for PBXProject "TrackerHeart" */ = {
			isa = XCConfigurationList;
			buildConfigurations = (
				1C41AD95307979FF00FC0180 /* Debug configuration for PBXProject "TrackerHeart" */,
				1C41AD96307979FF00FC0180 /* Release configuration for PBXProject "TrackerHeart" */,
			);
			defaultConfigurationName = Release;
		};
		1C41AD97307979FF00FC0180 /* Build configuration list for PBXNativeTarget "TrackerHeart" */ = {
			isa = XCConfigurationList;
			buildConfigurations = (
				1C41AD98307979FF00FC0180 /* Debug configuration for PBXNativeTarget "TrackerHeart" */,
				1C41AD99307979FF00FC0180 /* Release configuration for PBXNativeTarget "TrackerHeart" */,
			);
			defaultConfigurationName = Release;
		};
		1C41AD9A307979FF00FC0180 /* Build configuration list for PBXNativeTarget "TrackerHeartTests" */ = {
			isa = XCConfigurationList;
			buildConfigurations = (
				1C41AD9B307979FF00FC0180 /* Debug configuration for PBXNativeTarget "TrackerHeartTests" */,
				1C41AD9C307979FF00FC0180 /* Release configuration for PBXNativeTarget "TrackerHeartTests" */,
			);
			defaultConfigurationName = Release;
		};
		1C41AD9D307979FF00FC0180 /* Build configuration list for PBXNativeTarget "TrackerHeartUITests" */ = {
			isa = XCConfigurationList;
			buildConfigurations = (
				1C41AD9E307979FF00FC0180 /* Debug configuration for PBXNativeTarget "TrackerHeartUITests" */,
				1C41AD9F307979FF00FC0180 /* Release configuration for PBXNativeTarget "TrackerHeartUITests" */,
			);
			defaultConfigurationName = Release;
		};
/* End XCConfigurationList section */

/* Begin XCRemoteSwiftPackageReference section */
		1C41ADA230797B7A00FC0180 /* XCRemoteSwiftPackageReference "firebase-ios-sdk" */ = {
			isa = XCRemoteSwiftPackageReference;
			repositoryURL = "https://github.com/firebase/firebase-ios-sdk";
			requirement = {
				kind = upToNextMajorVersion;
				minimumVersion = 13.0.1;
			};
		};
/* End XCRemoteSwiftPackageReference section */

/* Begin XCSwiftPackageProductDependency section */
		1C41ADA330797B7A00FC0180 /* FirebaseAuth */ = {
			isa = XCSwiftPackageProductDependency;
			package = 1C41ADA230797B7A00FC0180 /* XCRemoteSwiftPackageReference "firebase-ios-sdk" */;
			productName = FirebaseAuth;
		};
		1C41ADA530797B7A00FC0180 /* FirebaseFirestore */ = {
			isa = XCSwiftPackageProductDependency;
			package = 1C41ADA230797B7A00FC0180 /* XCRemoteSwiftPackageReference "firebase-ios-sdk" */;
			productName = FirebaseFirestore;
		};
/* End XCSwiftPackageProductDependency section */
	};
	rootObject = 1C41AD70307979FE00FC0180 /* Project object */;
	validationLevel = 1;
}
